
Microsoft Visual Studio Solution File, Format Version 12.00
Project("{FAE04EC0-301F-11D3-BF4B-00C04F79EFBC}") = "EDrinks.WebApi", "EDrinks.WebApi\EDrinks.WebApi.csproj", "{1AF99BB8-794D-4D5C-96DF-E618C75A624F}"
EndProject
Project("{FAE04EC0-301F-11D3-BF4B-00C04F79EFBC}") = "EDrinks.Events", "EDrinks.Events\EDrinks.Events.csproj", "{6535D3AF-A5A2-45FA-8EF0-51377D8D956D}"
EndProject
Project("{FAE04EC0-301F-11D3-BF4B-00C04F79EFBC}") = "EDrinks.CommandHandlers", "EDrinks.CommandHandlers\EDrinks.CommandHandlers.csproj", "{CD222DF2-C7EE-4635-A961-5535BC5F6F5C}"
EndProject
Project("{FAE04EC0-301F-11D3-BF4B-00C04F79EFBC}") = "EDrinks.Common", "EDrinks.Common\EDrinks.Common.csproj", "{E0C1B4BB-9231-400D-A7E1-2D64792B6FC9}"
EndProject
Project("{FAE04EC0-301F-11D3-BF4B-00C04F79EFBC}") = "EDrinks.QueryHandlers", "EDrinks.QueryHandlers\EDrinks.QueryHandlers.csproj", "{A8FEC45E-BBD3-4149-A61F-55CE04A4DC99}"
EndProject
Project("{2150E333-8FDC-42A3-9474-1A3956D46DE8}") = "Tests", "Tests", "{1ECC6841-B088-4A9D-B114-9862F99D0A04}"
EndProject
Project("{FAE04EC0-301F-11D3-BF4B-00C04F79EFBC}") = "EDrinks.Test.Integration", "Tests\EDrinks.Test.Integration\EDrinks.Test.Integration.csproj", "{05D039AF-D7B8-4F7F-BFA2-0C0E5C45F75C}"
EndProject
Project("{2150E333-8FDC-42A3-9474-1A3956D46DE8}") = "Helpers", "Helpers", "{D920F4C2-B74B-4565-86D3-B4AFC4631442}"
EndProject
Project("{FAE04EC0-301F-11D3-BF4B-00C04F79EFBC}") = "EDrinks.Helper.DataFiller", "EDrinks.Helper.DataFiller\EDrinks.Helper.DataFiller.csproj", "{A9507821-07D9-4FC1-9B41-AA3677B6CC5E}"
EndProject
Project("{FAE04EC0-301F-11D3-BF4B-00C04F79EFBC}") = "EDrinks.EventSourceSql", "EDrinks.EventSourceSql\EDrinks.EventSourceSql.csproj", "{F547C1C1-13B5-414C-AD7D-97CE21E8F424}"
EndProject
Project("{FAE04EC0-301F-11D3-BF4B-00C04F79EFBC}") = "EdrinksDataMigration", "EdrinksDataMigration\EdrinksDataMigration.csproj", "{165A1C5E-CEF8-41B1-98F7-1E9BF8B31EA6}"
EndProject
Global
	GlobalSection(SolutionConfigurationPlatforms) = preSolution
		Debug|Any CPU = Debug|Any CPU
		Release|Any CPU = Release|Any CPU
	EndGlobalSection
	GlobalSection(ProjectConfigurationPlatforms) = postSolution
		{1AF99BB8-794D-4D5C-96DF-E618C75A624F}.Debug|Any CPU.ActiveCfg = Debug|Any CPU
		{1AF99BB8-794D-4D5C-96DF-E618C75A624F}.Debug|Any CPU.Build.0 = Debug|Any CPU
		{1AF99BB8-794D-4D5C-96DF-E618C75A624F}.Release|Any CPU.ActiveCfg = Release|Any CPU
		{1AF99BB8-794D-4D5C-96DF-E618C75A624F}.Release|Any CPU.Build.0 = Release|Any CPU
		{6535D3AF-A5A2-45FA-8EF0-51377D8D956D}.Debug|Any CPU.ActiveCfg = Debug|Any CPU
		{6535D3AF-A5A2-45FA-8EF0-51377D8D956D}.Debug|Any CPU.Build.0 = Debug|Any CPU
		{6535D3AF-A5A2-45FA-8EF0-51377D8D956D}.Release|Any CPU.ActiveCfg = Release|Any CPU
		{6535D3AF-A5A2-45FA-8EF0-51377D8D956D}.Release|Any CPU.Build.0 = Release|Any CPU
		{CD222DF2-C7EE-4635-A961-5535BC5F6F5C}.Debug|Any CPU.ActiveCfg = Debug|Any CPU
		{CD222DF2-C7EE-4635-A961-5535BC5F6F5C}.Debug|Any CPU.Build.0 = Debug|Any CPU
		{CD222DF2-C7EE-4635-A961-5535BC5F6F5C}.Release|Any CPU.ActiveCfg = Release|Any CPU
		{CD222DF2-C7EE-4635-A961-5535BC5F6F5C}.Release|Any CPU.Build.0 = Release|Any CPU
		{E0C1B4BB-9231-400D-A7E1-2D64792B6FC9}.Debug|Any CPU.ActiveCfg = Debug|Any CPU
		{E0C1B4BB-9231-400D-A7E1-2D64792B6FC9}.Debug|Any CPU.Build.0 = Debug|Any CPU
		{E0C1B4BB-9231-400D-A7E1-2D64792B6FC9}.Release|Any CPU.ActiveCfg = Release|Any CPU
		{E0C1B4BB-9231-400D-A7E1-2D64792B6FC9}.Release|Any CPU.Build.0 = Release|Any CPU
		{A8FEC45E-BBD3-4149-A61F-55CE04A4DC99}.Debug|Any CPU.ActiveCfg = Debug|Any CPU
		{A8FEC45E-BBD3-4149-A61F-55CE04A4DC99}.Debug|Any CPU.Build.0 = Debug|Any CPU
		{A8FEC45E-BBD3-4149-A61F-55CE04A4DC99}.Release|Any CPU.ActiveCfg = Release|Any CPU
		{A8FEC45E-BBD3-4149-A61F-55CE04A4DC99}.Release|Any CPU.Build.0 = Release|Any CPU
		{05D039AF-D7B8-4F7F-BFA2-0C0E5C45F75C}.Debug|Any CPU.ActiveCfg = Debug|Any CPU
		{05D039AF-D7B8-4F7F-BFA2-0C0E5C45F75C}.Debug|Any CPU.Build.0 = Debug|Any CPU
		{05D039AF-D7B8-4F7F-BFA2-0C0E5C45F75C}.Release|Any CPU.ActiveCfg = Release|Any CPU
		{05D039AF-D7B8-4F7F-BFA2-0C0E5C45F75C}.Release|Any CPU.Build.0 = Release|Any CPU
		{A9507821-07D9-4FC1-9B41-AA3677B6CC5E}.Debug|Any CPU.ActiveCfg = Debug|Any CPU
		{A9507821-07D9-4FC1-9B41-AA3677B6CC5E}.Debug|Any CPU.Build.0 = Debug|Any CPU
		{A9507821-07D9-4FC1-9B41-AA3677B6CC5E}.Release|Any CPU.ActiveCfg = Release|Any CPU
		{A9507821-07D9-4FC1-9B41-AA3677B6CC5E}.Release|Any CPU.Build.0 = Release|Any CPU
		{F547C1C1-13B5-414C-AD7D-97CE21E8F424}.Debug|Any CPU.ActiveCfg = Debug|Any CPU
		{F547C1C1-13B5-414C-AD7D-97CE21E8F424}.Debug|Any CPU.Build.0 = Debug|Any CPU
		{F547C1C1-13B5-414C-AD7D-97CE21E8F424}.Release|Any CPU.ActiveCfg = Release|Any CPU
		{F547C1C1-13B5-414C-AD7D-97CE21E8F424}.Release|Any CPU.Build.0 = Release|Any CPU
		{165A1C5E-CEF8-41B1-98F7-1E9BF8B31EA6}.Debug|Any CPU.ActiveCfg = Debug|Any CPU
		{165A1C5E-CEF8-41B1-98F7-1E9BF8B31EA6}.Debug|Any CPU.Build.0 = Debug|Any CPU
		{165A1C5E-CEF8-41B1-98F7-1E9BF8B31EA6}.Release|Any CPU.ActiveCfg = Release|Any CPU
		{165A1C5E-CEF8-41B1-98F7-1E9BF8B31EA6}.Release|Any CPU.Build.0 = Release|Any CPU
	EndGlobalSection
	GlobalSection(NestedProjects) = preSolution
		{05D039AF-D7B8-4F7F-BFA2-0C0E5C45F75C} = {1ECC6841-B088-4A9D-B114-9862F99D0A04}
		{A9507821-07D9-4FC1-9B41-AA3677B6CC5E} = {D920F4C2-B74B-4565-86D3-B4AFC4631442}
	EndGlobalSection
EndGlobal
