
Microsoft Visual Studio Solution File, Format Version 12.00
Project("{FAE04EC0-301F-11D3-BF4B-00C04F79EFBC}") = "EDrinks.WebApi", "EDrinks.WebApi\EDrinks.WebApi.csproj", "{1AF99BB8-794D-4D5C-96DF-E618C75A624F}"
EndProject
Project("{FAE04EC0-301F-11D3-BF4B-00C04F79EFBC}") = "EDrinks.Events", "EDrinks.Events\EDrinks.Events.csproj", "{6535D3AF-A5A2-45FA-8EF0-51377D8D956D}"
EndProject
Project("{FAE04EC0-301F-11D3-BF4B-00C04F79EFBC}") = "EDrinks.CommandHandlers", "EDrinks.CommandHandlers\EDrinks.CommandHandlers.csproj", "{CD222DF2-C7EE-4635-A961-5535BC5F6F5C}"
EndProject
Project("{FAE04EC0-301F-11D3-BF4B-00C04F79EFBC}") = "EDrinks.EventSource", "EDrinks.EventSource\EDrinks.EventSource.csproj", "{045F5D71-7581-43C3-9E23-408A21898346}"
EndProject
Project("{FAE04EC0-301F-11D3-BF4B-00C04F79EFBC}") = "EDrinks.Common", "EDrinks.Common\EDrinks.Common.csproj", "{E0C1B4BB-9231-400D-A7E1-2D64792B6FC9}"
EndProject
Project("{FAE04EC0-301F-11D3-BF4B-00C04F79EFBC}") = "EDrinks.QueryHandlers", "EDrinks.QueryHandlers\EDrinks.QueryHandlers.csproj", "{A8FEC45E-BBD3-4149-A61F-55CE04A4DC99}"
EndProject
Global
	GlobalSection(SolutionConfigurationPlatforms) = preSolution
		Debug|Any CPU = Debug|Any CPU
		Release|Any CPU = Release|Any CPU
	EndGlobalSection
	GlobalSection(ProjectConfigurationPlatforms) = postSolution
		{1AF99BB8-794D-4D5C-96DF-E618C75A624F}.Debug|Any CPU.ActiveCfg = Debug|Any CPU
		{1AF99BB8-794D-4D5C-96DF-E618C75A624F}.Debug|Any CPU.Build.0 = Debug|Any CPU
		{1AF99BB8-794D-4D5C-96DF-E618C75A624F}.Release|Any CPU.ActiveCfg = Release|Any CPU
		{1AF99BB8-794D-4D5C-96DF-E618C75A624F}.Release|Any CPU.Build.0 = Release|Any CPU
		{6535D3AF-A5A2-45FA-8EF0-51377D8D956D}.Debug|Any CPU.ActiveCfg = Debug|Any CPU
		{6535D3AF-A5A2-45FA-8EF0-51377D8D956D}.Debug|Any CPU.Build.0 = Debug|Any CPU
		{6535D3AF-A5A2-45FA-8EF0-51377D8D956D}.Release|Any CPU.ActiveCfg = Release|Any CPU
		{6535D3AF-A5A2-45FA-8EF0-51377D8D956D}.Release|Any CPU.Build.0 = Release|Any CPU
		{CD222DF2-C7EE-4635-A961-5535BC5F6F5C}.Debug|Any CPU.ActiveCfg = Debug|Any CPU
		{CD222DF2-C7EE-4635-A961-5535BC5F6F5C}.Debug|Any CPU.Build.0 = Debug|Any CPU
		{CD222DF2-C7EE-4635-A961-5535BC5F6F5C}.Release|Any CPU.ActiveCfg = Release|Any CPU
		{CD222DF2-C7EE-4635-A961-5535BC5F6F5C}.Release|Any CPU.Build.0 = Release|Any CPU
		{045F5D71-7581-43C3-9E23-408A21898346}.Debug|Any CPU.ActiveCfg = Debug|Any CPU
		{045F5D71-7581-43C3-9E23-408A21898346}.Debug|Any CPU.Build.0 = Debug|Any CPU
		{045F5D71-7581-43C3-9E23-408A21898346}.Release|Any CPU.ActiveCfg = Release|Any CPU
		{045F5D71-7581-43C3-9E23-408A21898346}.Release|Any CPU.Build.0 = Release|Any CPU
		{E0C1B4BB-9231-400D-A7E1-2D64792B6FC9}.Debug|Any CPU.ActiveCfg = Debug|Any CPU
		{E0C1B4BB-9231-400D-A7E1-2D64792B6FC9}.Debug|Any CPU.Build.0 = Debug|Any CPU
		{E0C1B4BB-9231-400D-A7E1-2D64792B6FC9}.Release|Any CPU.ActiveCfg = Release|Any CPU
		{E0C1B4BB-9231-400D-A7E1-2D64792B6FC9}.Release|Any CPU.Build.0 = Release|Any CPU
		{A8FEC45E-BBD3-4149-A61F-55CE04A4DC99}.Debug|Any CPU.ActiveCfg = Debug|Any CPU
		{A8FEC45E-BBD3-4149-A61F-55CE04A4DC99}.Debug|Any CPU.Build.0 = Debug|Any CPU
		{A8FEC45E-BBD3-4149-A61F-55CE04A4DC99}.Release|Any CPU.ActiveCfg = Release|Any CPU
		{A8FEC45E-BBD3-4149-A61F-55CE04A4DC99}.Release|Any CPU.Build.0 = Release|Any CPU
	EndGlobalSection
EndGlobal
